// !$*UTF8*$!
{
	archiveVersion = 1;
	classes = {
	};
	objectVersion = 46;
	objects = {

/* Begin PBXBuildFile section */
		E7CC40E01ECDF82400632496 /* AppDelegate.swift in Sources */ = {isa = PBXBuildFile; fileRef = E7CC40DF1ECDF82400632496 /* AppDelegate.swift */; };
		E7CC40E21ECDF82400632496 /* ViewController.swift in Sources */ = {isa = PBXBuildFile; fileRef = E7CC40E11ECDF82400632496 /* ViewController.swift */; };
		E7CC40E51ECDF82400632496 /* Main.storyboard in Resources */ = {isa = PBXBuildFile; fileRef = E7CC40E31ECDF82400632496 /* Main.storyboard */; };
		E7CC40E71ECDF82400632496 /* Assets.xcassets in Resources */ = {isa = PBXBuildFile; fileRef = E7CC40E61ECDF82400632496 /* Assets.xcassets */; };
		E7CC40EA1ECDF82400632496 /* LaunchScreen.storyboard in Resources */ = {isa = PBXBuildFile; fileRef = E7CC40E81ECDF82400632496 /* LaunchScreen.storyboard */; };
		E7CC40F51ECDF82400632496 /* destroy_the_worldTests.swift in Sources */ = {isa = PBXBuildFile; fileRef = E7CC40F41ECDF82400632496 /* destroy_the_worldTests.swift */; };
/* End PBXBuildFile section */

/* Begin PBXContainerItemProxy section */
		E7CC40F11ECDF82400632496 /* PBXContainerItemProxy */ = {
			isa = PBXContainerItemProxy;
			containerPortal = E7CC40D41ECDF82300632496 /* Project object */;
			proxyType = 1;
			remoteGlobalIDString = E7CC40DB1ECDF82400632496;
			remoteInfo = "destroy-the-world";
		};
/* End PBXContainerItemProxy section */

/* Begin PBXFileReference section */
		E7CC40DC1ECDF82400632496 /* destroy-the-world.app */ = {isa = PBXFileReference; explicitFileType = wrapper.application; includeInIndex = 0; path = "destroy-the-world.app"; sourceTree = BUILT_PRODUCTS_DIR; };
		E7CC40DF1ECDF82400632496 /* AppDelegate.swift */ = {isa = PBXFileReference; lastKnownFileType = sourcecode.swift; path = AppDelegate.swift; sourceTree = "<group>"; };
		E7CC40E11ECDF82400632496 /* ViewController.swift */ = {isa = PBXFileReference; lastKnownFileType = sourcecode.swift; path = ViewController.swift; sourceTree = "<group>"; };
		E7CC40E41ECDF82400632496 /* Base */ = {isa = PBXFileReference; lastKnownFileType = file.storyboard; name = Base; path = Base.lproj/Main.storyboard; sourceTree = "<group>"; };
		E7CC40E61ECDF82400632496 /* Assets.xcassets */ = {isa = PBXFileReference; lastKnownFileType = folder.assetcatalog; path = Assets.xcassets; sourceTree = "<group>"; };
		E7CC40E91ECDF82400632496 /* Base */ = {isa = PBXFileReference; lastKnownFileType = file.storyboard; name = Base; path = Base.lproj/LaunchScreen.storyboard; sourceTree = "<group>"; };
		E7CC40EB1ECDF82400632496 /* Info.plist */ = {isa = PBXFileReference; lastKnownFileType = text.plist.xml; path = Info.plist; sourceTree = "<group>"; };
		E7CC40F01ECDF82400632496 /* destroy-the-worldTests.xctest */ = {isa = PBXFileReference; explicitFileType = wrapper.cfbundle; includeInIndex = 0; path = "destroy-the-worldTests.xctest"; sourceTree = BUILT_PRODUCTS_DIR; };
		E7CC40F41ECDF82400632496 /* destroy_the_worldTests.swift */ = {isa = PBXFileReference; lastKnownFileType = sourcecode.swift; path = destroy_the_worldTests.swift; sourceTree = "<group>"; };
		E7CC40F61ECDF82400632496 /* Info.plist */ = {isa = PBXFileReference; lastKnownFileType = text.plist.xml; path = Info.plist; sourceTree = "<group>"; };
/* End PBXFileReference section */

/* Begin PBXFrameworksBuildPhase section */
		E7CC40D91ECDF82400632496 /* Frameworks */ = {
			isa = PBXFrameworksBuildPhase;
			buildActionMask = 2147483647;
			files = (
			);
			runOnlyForDeploymentPostprocessing = 0;
		};
		E7CC40ED1ECDF82400632496 /* Frameworks */ = {
			isa = PBXFrameworksBuildPhase;
			buildActionMask = 2147483647;
			files = (
			);
			runOnlyForDeploymentPostprocessing = 0;
		};
/* End PBXFrameworksBuildPhase section */

/* Begin PBXGroup section */
		E7CC40D31ECDF82300632496 = {
			isa = PBXGroup;
			children = (
				E7CC40DE1ECDF82400632496 /* destroy-the-world */,
				E7CC40F31ECDF82400632496 /* destroy-the-worldTests */,
				E7CC40DD1ECDF82400632496 /* Products */,
			);
			sourceTree = "<group>";
		};
		E7CC40DD1ECDF82400632496 /* Products */ = {
			isa = PBXGroup;
			children = (
				E7CC40DC1ECDF82400632496 /* destroy-the-world.app */,
				E7CC40F01ECDF82400632496 /* destroy-the-worldTests.xctest */,
			);
			name = Products;
			sourceTree = "<group>";
		};
		E7CC40DE1ECDF82400632496 /* destroy-the-world */ = {
			isa = PBXGroup;
			children = (
				E7CC40DF1ECDF82400632496 /* AppDelegate.swift */,
				E7CC40E11ECDF82400632496 /* ViewController.swift */,
				E7CC40E31ECDF82400632496 /* Main.storyboard */,
				E7CC40E61ECDF82400632496 /* Assets.xcassets */,
				E7CC40E81ECDF82400632496 /* LaunchScreen.storyboard */,
				E7CC40EB1ECDF82400632496 /* Info.plist */,
			);
			path = "destroy-the-world";
			sourceTree = "<group>";
		};
		E7CC40F31ECDF82400632496 /* destroy-the-worldTests */ = {
			isa = PBXGroup;
			children = (
				E7CC40F41ECDF82400632496 /* destroy_the_worldTests.swift */,
				E7CC40F61ECDF82400632496 /* Info.plist */,
			);
			path = "destroy-the-worldTests";
			sourceTree = "<group>";
		};
/* End PBXGroup section */

/* Begin PBXNativeTarget section */
		E7CC40DB1ECDF82400632496 /* destroy-the-world */ = {
			isa = PBXNativeTarget;
			buildConfigurationList = E7CC40F91ECDF82400632496 /* Build configuration list for PBXNativeTarget "destroy-the-world" */;
			buildPhases = (
				E7CC40D81ECDF82400632496 /* Sources */,
				E7CC40D91ECDF82400632496 /* Frameworks */,
				E7CC40DA1ECDF82400632496 /* Resources */,
			);
			buildRules = (
			);
			dependencies = (
			);
			name = "destroy-the-world";
			productName = "destroy-the-world";
			productReference = E7CC40DC1ECDF82400632496 /* destroy-the-world.app */;
			productType = "com.apple.product-type.application";
		};
		E7CC40EF1ECDF82400632496 /* destroy-the-worldTests */ = {
			isa = PBXNativeTarget;
			buildConfigurationList = E7CC40FC1ECDF82400632496 /* Build configuration list for PBXNativeTarget "destroy-the-worldTests" */;
			buildPhases = (
				E7CC40EC1ECDF82400632496 /* Sources */,
				E7CC40ED1ECDF82400632496 /* Frameworks */,
				E7CC40EE1ECDF82400632496 /* Resources */,
			);
			buildRules = (
			);
			dependencies = (
				E7CC40F21ECDF82400632496 /* PBXTargetDependency */,
			);
			name = "destroy-the-worldTests";
			productName = "destroy-the-worldTests";
			productReference = E7CC40F01ECDF82400632496 /* destroy-the-worldTests.xctest */;
			productType = "com.apple.product-type.bundle.unit-test";
		};
/* End PBXNativeTarget section */

/* Begin PBXProject section */
		E7CC40D41ECDF82300632496 /* Project object */ = {
			isa = PBXProject;
			attributes = {
				LastSwiftUpdateCheck = 0830;
				LastUpgradeCheck = 0830;
				ORGANIZATIONNAME = "Alan Askew";
				TargetAttributes = {
					E7CC40DB1ECDF82400632496 = {
						CreatedOnToolsVersion = 8.3.2;
						ProvisioningStyle = Automatic;
					};
					E7CC40EF1ECDF82400632496 = {
						CreatedOnToolsVersion = 8.3.2;
						ProvisioningStyle = Automatic;
						TestTargetID = E7CC40DB1ECDF82400632496;
					};
				};
			};
			buildConfigurationList = E7CC40D71ECDF82300632496 /* Build configuration list for PBXProject "destroy-the-world" */;
			compatibilityVersion = "Xcode 3.2";
			developmentRegion = English;
			hasScannedForEncodings = 0;
			knownRegions = (
				en,
				Base,
			);
			mainGroup = E7CC40D31ECDF82300632496;
			productRefGroup = E7CC40DD1ECDF82400632496 /* Products */;
			projectDirPath = "";
			projectRoot = "";
			targets = (
				E7CC40DB1ECDF82400632496 /* destroy-the-world */,
				E7CC40EF1ECDF82400632496 /* destroy-the-worldTests */,
			);
		};
/* End PBXProject section */

/* Begin PBXResourcesBuildPhase section */
		E7CC40DA1ECDF82400632496 /* Resources */ = {
			isa = PBXResourcesBuildPhase;
			buildActionMask = 2147483647;
			files = (
				E7CC40EA1ECDF82400632496 /* LaunchScreen.storyboard in Resources */,
				E7CC40E71ECDF82400632496 /* Assets.xcassets in Resources */,
				E7CC40E51ECDF82400632496 /* Main.storyboard in Resources */,
			);
			runOnlyForDeploymentPostprocessing = 0;
		};
		E7CC40EE1ECDF82400632496 /* Resources */ = {
			isa = PBXResourcesBuildPhase;
			buildActionMask = 2147483647;
			files = (
			);
			runOnlyForDeploymentPostprocessing = 0;
		};
/* End PBXResourcesBuildPhase section */

/* Begin PBXSourcesBuildPhase section */
		E7CC40D81ECDF82400632496 /* Sources */ = {
			isa = PBXSourcesBuildPhase;
			buildActionMask = 2147483647;
			files = (
				E7CC40E21ECDF82400632496 /* ViewController.swift in Sources */,
				E7CC40E01ECDF82400632496 /* AppDelegate.swift in Sources */,
			);
			runOnlyForDeploymentPostprocessing = 0;
		};
		E7CC40EC1ECDF82400632496 /* Sources */ = {
			isa = PBXSourcesBuildPhase;
			buildActionMask = 2147483647;
			files = (
				E7CC40F51ECDF82400632496 /* destroy_the_worldTests.swift in Sources */,
			);
			runOnlyForDeploymentPostprocessing = 0;
		};
/* End PBXSourcesBuildPhase section */

/* Begin PBXTargetDependency section */
		E7CC40F21ECDF82400632496 /* PBXTargetDependency */ = {
			isa = PBXTargetDependency;
			target = E7CC40DB1ECDF82400632496 /* destroy-the-world */;
			targetProxy = E7CC40F11ECDF82400632496 /* PBXContainerItemProxy */;
		};
/* End PBXTargetDependency section */

/* Begin PBXVariantGroup section */
		E7CC40E31ECDF82400632496 /* Main.storyboard */ = {
			isa = PBXVariantGroup;
			children = (
				E7CC40E41ECDF82400632496 /* Base */,
			);
			name = Main.storyboard;
			sourceTree = "<group>";
		};
		E7CC40E81ECDF82400632496 /* LaunchScreen.storyboard */ = {
			isa = PBXVariantGroup;
			children = (
				E7CC40E91ECDF82400632496 /* Base */,
			);
			name = LaunchScreen.storyboard;
			sourceTree = "<group>";
		};
/* End PBXVariantGroup section */

/* Begin XCBuildConfiguration section */
		E7CC40F71ECDF82400632496 /* Debug */ = {
			isa = XCBuildConfiguration;
			buildSettings = {
				ALWAYS_SEARCH_USER_PATHS = NO;
				CLANG_ANALYZER_NONNULL = YES;
				CLANG_ANALYZER_NUMBER_OBJECT_CONVERSION = YES_AGGRESSIVE;
				CLANG_CXX_LANGUAGE_STANDARD = "gnu++0x";
				CLANG_CXX_LIBRARY = "libc++";
				CLANG_ENABLE_MODULES = YES;
				CLANG_ENABLE_OBJC_ARC = YES;
				CLANG_WARN_BOOL_CONVERSION = YES;
				CLANG_WARN_CONSTANT_CONVERSION = YES;
				CLANG_WARN_DIRECT_OBJC_ISA_USAGE = YES_ERROR;
				CLANG_WARN_DOCUMENTATION_COMMENTS = YES;
				CLANG_WARN_EMPTY_BODY = YES;
				CLANG_WARN_ENUM_CONVERSION = YES;
				CLANG_WARN_INFINITE_RECURSION = YES;
				CLANG_WARN_INT_CONVERSION = YES;
				CLANG_WARN_OBJC_ROOT_CLASS = YES_ERROR;
				CLANG_WARN_SUSPICIOUS_MOVE = YES;
				CLANG_WARN_UNREACHABLE_CODE = YES;
				CLANG_WARN__DUPLICATE_METHOD_MATCH = YES;
				"CODE_SIGN_IDENTITY[sdk=iphoneos*]" = "iPhone Developer";
				COPY_PHASE_STRIP = NO;
				DEBUG_INFORMATION_FORMAT = dwarf;
				ENABLE_STRICT_OBJC_MSGSEND = YES;
				ENABLE_TESTABILITY = YES;
				GCC_C_LANGUAGE_STANDARD = gnu99;
				GCC_DYNAMIC_NO_PIC = NO;
				GCC_NO_COMMON_BLOCKS = YES;
				GCC_OPTIMIZATION_LEVEL = 0;
				GCC_PREPROCESSOR_DEFINITIONS = (
					"DEBUG=1",
					"$(inherited)",
				);
				GCC_WARN_64_TO_32_BIT_CONVERSION = YES;
				GCC_WARN_ABOUT_RETURN_TYPE = YES_ERROR;
				GCC_WARN_UNDECLARED_SELECTOR = YES;
				GCC_WARN_UNINITIALIZED_AUTOS = YES_AGGRESSIVE;
				GCC_WARN_UNUSED_FUNCTION = YES;
				GCC_WARN_UNUSED_VARIABLE = YES;
				IPHONEOS_DEPLOYMENT_TARGET = 10.3;
				MTL_ENABLE_DEBUG_INFO = YES;
				ONLY_ACTIVE_ARCH = YES;
				SDKROOT = iphoneos;
				SWIFT_ACTIVE_COMPILATION_CONDITIONS = DEBUG;
				SWIFT_OPTIMIZATION_LEVEL = "-Onone";
				TARGETED_DEVICE_FAMILY = "1,2";
			};
			name = Debug;
		};
		E7CC40F81ECDF82400632496 /* Release */ = {
			isa = XCBuildConfiguration;
			buildSettings = {
				ALWAYS_SEARCH_USER_PATHS = NO;
				CLANG_ANALYZER_NONNULL = YES;
				CLANG_ANALYZER_NUMBER_OBJECT_CONVERSION = YES_AGGRESSIVE;
				CLANG_CXX_LANGUAGE_STANDARD = "gnu++0x";
				CLANG_CXX_LIBRARY = "libc++";
				CLANG_ENABLE_MODULES = YES;
				CLANG_ENABLE_OBJC_ARC = YES;
				CLANG_WARN_BOOL_CONVERSION = YES;
				CLANG_WARN_CONSTANT_CONVERSION = YES;
				CLANG_WARN_DIRECT_OBJC_ISA_USAGE = YES_ERROR;
				CLANG_WARN_DOCUMENTATION_COMMENTS = YES;
				CLANG_WARN_EMPTY_BODY = YES;
				CLANG_WARN_ENUM_CONVERSION = YES;
				CLANG_WARN_INFINITE_RECURSION = YES;
				CLANG_WARN_INT_CONVERSION = YES;
				CLANG_WARN_OBJC_ROOT_CLASS = YES_ERROR;
				CLANG_WARN_SUSPICIOUS_MOVE = YES;
				CLANG_WARN_UNREACHABLE_CODE = YES;
				CLANG_WARN__DUPLICATE_METHOD_MATCH = YES;
				"CODE_SIGN_IDENTITY[sdk=iphoneos*]" = "iPhone Developer";
				COPY_PHASE_STRIP = NO;
				DEBUG_INFORMATION_FORMAT = "dwarf-with-dsym";
				ENABLE_NS_ASSERTIONS = NO;
				ENABLE_STRICT_OBJC_MSGSEND = YES;
				GCC_C_LANGUAGE_STANDARD = gnu99;
				GCC_NO_COMMON_BLOCKS = YES;
				GCC_WARN_64_TO_32_BIT_CONVERSION = YES;
				GCC_WARN_ABOUT_RETURN_TYPE = YES_ERROR;
				GCC_WARN_UNDECLARED_SELECTOR = YES;
				GCC_WARN_UNINITIALIZED_AUTOS = YES_AGGRESSIVE;
				GCC_WARN_UNUSED_FUNCTION = YES;
				GCC_WARN_UNUSED_VARIABLE = YES;
				IPHONEOS_DEPLOYMENT_TARGET = 10.3;
				MTL_ENABLE_DEBUG_INFO = NO;
				SDKROOT = iphoneos;
				SWIFT_OPTIMIZATION_LEVEL = "-Owholemodule";
				TARGETED_DEVICE_FAMILY = "1,2";
				VALIDATE_PRODUCT = YES;
			};
			name = Release;
		};
		E7CC40FA1ECDF82400632496 /* Debug */ = {
			isa = XCBuildConfiguration;
			buildSettings = {
				ASSETCATALOG_COMPILER_APPICON_NAME = AppIcon;
				INFOPLIST_FILE = "destroy-the-world/Info.plist";
				LD_RUNPATH_SEARCH_PATHS = "$(inherited) @executable_path/Frameworks";
				PRODUCT_BUNDLE_IDENTIFIER = "com.example.destroy-the-world";
				PRODUCT_NAME = "$(TARGET_NAME)";
				SWIFT_VERSION = 3.0;
			};
			name = Debug;
		};
		E7CC40FB1ECDF82400632496 /* Release */ = {
			isa = XCBuildConfiguration;
			buildSettings = {
				ASSETCATALOG_COMPILER_APPICON_NAME = AppIcon;
				INFOPLIST_FILE = "destroy-the-world/Info.plist";
				LD_RUNPATH_SEARCH_PATHS = "$(inherited) @executable_path/Frameworks";
				PRODUCT_BUNDLE_IDENTIFIER = "com.example.destroy-the-world";
				PRODUCT_NAME = "$(TARGET_NAME)";
				SWIFT_VERSION = 3.0;
			};
			name = Release;
		};
		E7CC40FD1ECDF82400632496 /* Debug */ = {
			isa = XCBuildConfiguration;
			buildSettings = {
				ALWAYS_EMBED_SWIFT_STANDARD_LIBRARIES = YES;
				BUNDLE_LOADER = "$(TEST_HOST)";
				INFOPLIST_FILE = "destroy-the-worldTests/Info.plist";
				LD_RUNPATH_SEARCH_PATHS = "$(inherited) @executable_path/Frameworks @loader_path/Frameworks";
				PRODUCT_BUNDLE_IDENTIFIER = "com.example.destroy-the-worldTests";
				PRODUCT_NAME = "$(TARGET_NAME)";
				SWIFT_VERSION = 3.0;
				TEST_HOST = "$(BUILT_PRODUCTS_DIR)/destroy-the-world.app/destroy-the-world";
			};
			name = Debug;
		};
		E7CC40FE1ECDF82400632496 /* Release */ = {
			isa = XCBuildConfiguration;
			buildSettings = {
				ALWAYS_EMBED_SWIFT_STANDARD_LIBRARIES = YES;
				BUNDLE_LOADER = "$(TEST_HOST)";
				INFOPLIST_FILE = "destroy-the-worldTests/Info.plist";
				LD_RUNPATH_SEARCH_PATHS = "$(inherited) @executable_path/Frameworks @loader_path/Frameworks";
				PRODUCT_BUNDLE_IDENTIFIER = "com.example.destroy-the-worldTests";
				PRODUCT_NAME = "$(TARGET_NAME)";
				SWIFT_VERSION = 3.0;
				TEST_HOST = "$(BUILT_PRODUCTS_DIR)/destroy-the-world.app/destroy-the-world";
			};
			name = Release;
		};
/* End XCBuildConfiguration section */

/* Begin XCConfigurationList section */
		E7CC40D71ECDF82300632496 /* Build configuration list for PBXProject "destroy-the-world" */ = {
			isa = XCConfigurationList;
			buildConfigurations = (
				E7CC40F71ECDF82400632496 /* Debug */,
				E7CC40F81ECDF82400632496 /* Release */,
			);
			defaultConfigurationIsVisible = 0;
			defaultConfigurationName = Release;
		};
		E7CC40F91ECDF82400632496 /* Build configuration list for PBXNativeTarget "destroy-the-world" */ = {
			isa = XCConfigurationList;
			buildConfigurations = (
				E7CC40FA1ECDF82400632496 /* Debug */,
				E7CC40FB1ECDF82400632496 /* Release */,
			);
			defaultConfigurationIsVisible = 0;
		};
		E7CC40FC1ECDF82400632496 /* Build configuration list for PBXNativeTarget "destroy-the-worldTests" */ = {
			isa = XCConfigurationList;
			buildConfigurations = (
				E7CC40FD1ECDF82400632496 /* Debug */,
				E7CC40FE1ECDF82400632496 /* Release */,
			);
			defaultConfigurationIsVisible = 0;
		};
/* End XCConfigurationList section */
	};
	rootObject = E7CC40D41ECDF82300632496 /* Project object */;
}
